// !$*UTF8*$!
{
	archiveVersion = 1;
	classes = {
	};
	objectVersion = 56;
	objects = {

/* Begin PBXBuildFile section */
		160999D0354EC2E83E55C01E /* PrivacyInfo.xcprivacy in Resources */ = {isa = PBXBuildFile; fileRef = 05246439EFD4918AA442102C /* PrivacyInfo.xcprivacy */; };
		A7B95EB746E74AC5B1FE4699 /* HankenGrotesk-Medium.ttf in Resources */ = {isa = PBXBuildFile; fileRef = 5BF4C64011EA49D3AED0CDB6 /* HankenGrotesk-Medium.ttf */; };
		030794FC907A40A8AE40DE37 /* HankenGrotesk-Regular.ttf in Resources */ = {isa = PBXBuildFile; fileRef = 8D461E95EBD54ED697593C73 /* HankenGrotesk-Regular.ttf */; };
		F0ECF9E7237B45B8832CD463 /* SpaceMono-Bold.ttf in Resources */ = {isa = PBXBuildFile; fileRef = 4726B6878D8645C7BCB63588 /* SpaceMono-Bold.ttf */; };
		03CCE9D6A59A453C80140DAD /* SpaceMono-Regular.ttf in Resources */ = {isa = PBXBuildFile; fileRef = 9C505C9D49064792B3255F81 /* SpaceMono-Regular.ttf */; };
		A2A4D39341B34A79983BC939 /* Syne-Bold.ttf in Resources */ = {isa = PBXBuildFile; fileRef = C79F6C6F06FB4E04969A05D9 /* Syne-Bold.ttf */; };
		6B39EEC660414F83A03617E0 /* Syne-ExtraBold.ttf in Resources */ = {isa = PBXBuildFile; fileRef = C969F72065384D23806EB09A /* Syne-ExtraBold.ttf */; };
		167C26458EE044BB6DDF3EB7 /* LeafID_nativeTests.swift in Sources */ = {isa = PBXBuildFile; fileRef = BB032EC4293372983E7DC408 /* LeafID_nativeTests.swift */; };
		A0134776E5296FC7ECBE31E7 /* KeychainTokenStore.swift in Sources */ = {isa = PBXBuildFile; fileRef = 4A466B09C5D53DDD8529A2AA /* KeychainTokenStore.swift */; };
		7C22BDA973724B41A9AE79A7 /* NeoBrutalistTheme.swift in Sources */ = {isa = PBXBuildFile; fileRef = F3D04E70FC6048F2A985AABD /* NeoBrutalistTheme.swift */; };
		78E47AEDBAC64FFEA729A4D2 /* WelcomeNeoBrutalistView.swift in Sources */ = {isa = PBXBuildFile; fileRef = 70DF9E02FAD241C08F5856EF /* WelcomeNeoBrutalistView.swift */; };
		59A12248CD8D4AC197F456C9 /* NeoBrutalistTabBar.swift in Sources */ = {isa = PBXBuildFile; fileRef = E33F008F74954DD2A1CCA154 /* NeoBrutalistTabBar.swift */; };
		FE6D529C85A240E38054B26B /* NeoBrutalistAppHeader.swift in Sources */ = {isa = PBXBuildFile; fileRef = 35381EC5FF5B404BBF293D02 /* NeoBrutalistAppHeader.swift */; };
		34095034F0224C078BD8D711 /* IdentifyNeoBrutalistView.swift in Sources */ = {isa = PBXBuildFile; fileRef = 1E08CECE91984FF38CC53293 /* IdentifyNeoBrutalistView.swift */; };
		A221302A25F07F610660AF06 /* BotanicalCardImageProcessor.swift in Sources */ = {isa = PBXBuildFile; fileRef = A0EFF63FB5F8EC9823649D1F /* BotanicalCardImageProcessor.swift */; };
		E1A100000000000000000001 /* LeafID_nativeApp.swift in Sources */ = {isa = PBXBuildFile; fileRef = E1A200000000000000000001 /* LeafID_nativeApp.swift */; };
		E1A100000000000000000002 /* Theme.swift in Sources */ = {isa = PBXBuildFile; fileRef = E1A200000000000000000002 /* Theme.swift */; };
		E1A100000000000000000003 /* Scan.swift in Sources */ = {isa = PBXBuildFile; fileRef = E1A200000000000000000003 /* Scan.swift */; };
		E1A100000000000000000004 /* Profile.swift in Sources */ = {isa = PBXBuildFile; fileRef = E1A200000000000000000004 /* Profile.swift */; };
		E1A100000000000000000005 /* MainTabView.swift in Sources */ = {isa = PBXBuildFile; fileRef = E1A200000000000000000005 /* MainTabView.swift */; };
		E1A100000000000000000006 /* ArboretumView.swift in Sources */ = {isa = PBXBuildFile; fileRef = E1A200000000000000000006 /* ArboretumView.swift */; };
		388D420653CD31E77EE46CF5 /* ArboretumComingSoonView.swift in Sources */ = {isa = PBXBuildFile; fileRef = FBD938ABEC1D8A0C52567944 /* ArboretumComingSoonView.swift */; };
		E1A100000000000000000008 /* HerbariumView.swift in Sources */ = {isa = PBXBuildFile; fileRef = E1A200000000000000000008 /* HerbariumView.swift */; };
		E1A100000000000000000009 /* DruidProfileView.swift in Sources */ = {isa = PBXBuildFile; fileRef = E1A200000000000000000009 /* DruidProfileView.swift */; };
		E1A10000000000000000000A /* HerbariumViewModel.swift in Sources */ = {isa = PBXBuildFile; fileRef = E1A20000000000000000000A /* HerbariumViewModel.swift */; };
		E1A10000000000000000000B /* BotanyService.swift in Sources */ = {isa = PBXBuildFile; fileRef = E1A20000000000000000000B /* BotanyService.swift */; };
		E1A10000000000000000000C /* Animation+LeafID.swift in Sources */ = {isa = PBXBuildFile; fileRef = E1A20000000000000000000C /* Animation+LeafID.swift */; };
		E1A10000000000000000000D /* Assets.xcassets in Resources */ = {isa = PBXBuildFile; fileRef = E1A20000000000000000000D /* Assets.xcassets */; };
		E1A10000000000000000000E /* LiquidGlass.swift in Sources */ = {isa = PBXBuildFile; fileRef = E1A20000000000000000000E /* LiquidGlass.swift */; };
		E1A10000000000000000000F /* GlassContainer.swift in Sources */ = {isa = PBXBuildFile; fileRef = E1A200000000000000000010 /* GlassContainer.swift */; };
		E1A100000000000000000011 /* BoutiqueHeader.swift in Sources */ = {isa = PBXBuildFile; fileRef = E1A200000000000000000011 /* BoutiqueHeader.swift */; };
		E1A100000000000000000012 /* StatusBadge.swift in Sources */ = {isa = PBXBuildFile; fileRef = E1A200000000000000000012 /* StatusBadge.swift */; };
		E1A100000000000000000013 /* GreenDotMarker.swift in Sources */ = {isa = PBXBuildFile; fileRef = E1A200000000000000000013 /* GreenDotMarker.swift */; };
		E1A100000000000000000014 /* CompactSpecimenCard.swift in Sources */ = {isa = PBXBuildFile; fileRef = E1A200000000000000000014 /* CompactSpecimenCard.swift */; };
		E1A100000000000000000015 /* LeafPrimaryButton.swift in Sources */ = {isa = PBXBuildFile; fileRef = E1A200000000000000000015 /* LeafPrimaryButton.swift */; };
		E1A100000000000000000016 /* GlassStatTile.swift in Sources */ = {isa = PBXBuildFile; fileRef = E1A200000000000000000016 /* GlassStatTile.swift */; };
		E1A100000000000000000017 /* ScanningLeafAnimationView.swift in Sources */ = {isa = PBXBuildFile; fileRef = E1A200000000000000000017 /* ScanningLeafAnimationView.swift */; };
		E1A100000000000000000018 /* DesignSystemGalleryView.swift in Sources */ = {isa = PBXBuildFile; fileRef = E1A200000000000000000018 /* DesignSystemGalleryView.swift */; };
		E1A100000000000000000019 /* IdentifyPreviewResult.swift in Sources */ = {isa = PBXBuildFile; fileRef = E1A200000000000000000019 /* IdentifyPreviewResult.swift */; };
		E1A10000000000000000001B /* ScanResultsView.swift in Sources */ = {isa = PBXBuildFile; fileRef = E1A20000000000000000001B /* ScanResultsView.swift */; };
		E1A10000000000000000001C /* DruidProfileViewModel.swift in Sources */ = {isa = PBXBuildFile; fileRef = E1A20000000000000000001C /* DruidProfileViewModel.swift */; };
		E1A10000000000000000001E /* GalleryScanButton.swift in Sources */ = {isa = PBXBuildFile; fileRef = E1A20000000000000000001E /* GalleryScanButton.swift */; };
		E1A10000000000000000001F /* SecondaryActionButton.swift in Sources */ = {isa = PBXBuildFile; fileRef = E1A20000000000000000001F /* SecondaryActionButton.swift */; };
		E1A100000000000000000020 /* HomeView.swift in Sources */ = {isa = PBXBuildFile; fileRef = E1A200000000000000000020 /* HomeView.swift */; };
		E1A100000000000000000021 /* ModalCloseButton.swift in Sources */ = {isa = PBXBuildFile; fileRef = E1A200000000000000000021 /* ModalCloseButton.swift */; };
		E1A100000000000000000022 /* MatchConfidenceBadge.swift in Sources */ = {isa = PBXBuildFile; fileRef = E1A200000000000000000022 /* MatchConfidenceBadge.swift */; };
		E1A100000000000000000023 /* ScanningProgressBar.swift in Sources */ = {isa = PBXBuildFile; fileRef = E1A200000000000000000023 /* ScanningProgressBar.swift */; };
		E1A100000000000000000024 /* GlassScanHeaderPill.swift in Sources */ = {isa = PBXBuildFile; fileRef = E1A200000000000000000024 /* GlassScanHeaderPill.swift */; };
		E1A100000000000000000025 /* BentoResultCard.swift in Sources */ = {isa = PBXBuildFile; fileRef = E1A200000000000000000025 /* BentoResultCard.swift */; };
		E1A100000000000000000026 /* ScannerView.swift in Sources */ = {isa = PBXBuildFile; fileRef = E1A200000000000000000026 /* ScannerView.swift */; };
		E1A100000000000000000027 /* ImagePickerBridge.swift in Sources */ = {isa = PBXBuildFile; fileRef = E1A200000000000000000027 /* ImagePickerBridge.swift */; };
		E1A100000000000000000028 /* GlassChromeCircleButton.swift in Sources */ = {isa = PBXBuildFile; fileRef = E1A200000000000000000028 /* GlassChromeCircleButton.swift */; };
		E1A100000000000000000029 /* ScanReticleFrame.swift in Sources */ = {isa = PBXBuildFile; fileRef = E1A200000000000000000029 /* ScanReticleFrame.swift */; };
		E1A10000000000000000002A /* ScanningDensityProgress.swift in Sources */ = {isa = PBXBuildFile; fileRef = E1A20000000000000000002A /* ScanningDensityProgress.swift */; };
		E1A10000000000000000002B /* ScanSession.swift in Sources */ = {isa = PBXBuildFile; fileRef = E1A20000000000000000002B /* ScanSession.swift */; };
		E1A10000000000000000002C /* HerbariumSpecimenRowCard.swift in Sources */ = {isa = PBXBuildFile; fileRef = E1A20000000000000000002C /* HerbariumSpecimenRowCard.swift */; };
		E1A10000000000000000002D /* ProfileViewModel.swift in Sources */ = {isa = PBXBuildFile; fileRef = E1A20000000000000000002D /* ProfileViewModel.swift */; };
		E1A10000000000000000002E /* ProfileStatsLocalStore.swift in Sources */ = {isa = PBXBuildFile; fileRef = E1A20000000000000000002E /* ProfileStatsLocalStore.swift */; };
		E1A10000000000000000002F /* BotanicalCardImmersiveView.swift in Sources */ = {isa = PBXBuildFile; fileRef = E1A20000000000000000002F /* BotanicalCardImmersiveView.swift */; };
		E1A100000000000000000030 /* CapturePickLocation.swift in Sources */ = {isa = PBXBuildFile; fileRef = E1A200000000000000000030 /* CapturePickLocation.swift */; };
		E1A100000000000000000031 /* LiveCameraPreview.swift in Sources */ = {isa = PBXBuildFile; fileRef = E1A200000000000000000031 /* LiveCameraPreview.swift */; };
		E1A100000000000000000032 /* ArboretumViewModel.swift in Sources */ = {isa = PBXBuildFile; fileRef = E1A200000000000000000032 /* ArboretumViewModel.swift */; };
		E1A10000000000000000007B /* Achievements.swift in Sources */ = {isa = PBXBuildFile; fileRef = E1A20000000000000000007B /* Achievements.swift */; };
		E1A10000000000000000007C /* PaywallView.swift in Sources */ = {isa = PBXBuildFile; fileRef = E1A20000000000000000007C /* PaywallView.swift */; };
		E1A10000000000000000007D /* ToastCenter.swift in Sources */ = {isa = PBXBuildFile; fileRef = E1A20000000000000000007D /* ToastCenter.swift */; };
		E792AEADD4FF2240B967FC4E /* Foundation.framework in Frameworks */ = {isa = PBXBuildFile; fileRef = 5E614D3E6FDABD490B7A73C1 /* Foundation.framework */; };
/* End PBXBuildFile section */

/* Begin PBXContainerItemProxy section */
		FC1EB0B98B82D6CEFDFB8C71 /* PBXContainerItemProxy */ = {
			isa = PBXContainerItemProxy;
			containerPortal = E1A600000000000000000001 /* Project object */;
			proxyType = 1;
			remoteGlobalIDString = E1A500000000000000000001;
			remoteInfo = "LeafID-native";
		};
/* End PBXContainerItemProxy section */

/* Begin PBXFileReference section */
		05246439EFD4918AA442102C /* PrivacyInfo.xcprivacy */ = {isa = PBXFileReference; includeInIndex = 1; path = PrivacyInfo.xcprivacy; sourceTree = "<group>"; };
		5BF4C64011EA49D3AED0CDB6 /* HankenGrotesk-Medium.ttf */ = {isa = PBXFileReference; lastKnownFileType = file; path = "HankenGrotesk-Medium.ttf"; sourceTree = "<group>"; };
		8D461E95EBD54ED697593C73 /* HankenGrotesk-Regular.ttf */ = {isa = PBXFileReference; lastKnownFileType = file; path = "HankenGrotesk-Regular.ttf"; sourceTree = "<group>"; };
		4726B6878D8645C7BCB63588 /* SpaceMono-Bold.ttf */ = {isa = PBXFileReference; lastKnownFileType = file; path = "SpaceMono-Bold.ttf"; sourceTree = "<group>"; };
		9C505C9D49064792B3255F81 /* SpaceMono-Regular.ttf */ = {isa = PBXFileReference; lastKnownFileType = file; path = "SpaceMono-Regular.ttf"; sourceTree = "<group>"; };
		C79F6C6F06FB4E04969A05D9 /* Syne-Bold.ttf */ = {isa = PBXFileReference; lastKnownFileType = file; path = "Syne-Bold.ttf"; sourceTree = "<group>"; };
		C969F72065384D23806EB09A /* Syne-ExtraBold.ttf */ = {isa = PBXFileReference; lastKnownFileType = file; path = "Syne-ExtraBold.ttf"; sourceTree = "<group>"; };
		4A466B09C5D53DDD8529A2AA /* KeychainTokenStore.swift */ = {isa = PBXFileReference; includeInIndex = 1; lastKnownFileType = sourcecode.swift; path = KeychainTokenStore.swift; sourceTree = "<group>"; };
		F3D04E70FC6048F2A985AABD /* NeoBrutalistTheme.swift */ = {isa = PBXFileReference; includeInIndex = 1; lastKnownFileType = sourcecode.swift; path = NeoBrutalistTheme.swift; sourceTree = "<group>"; };
		70DF9E02FAD241C08F5856EF /* WelcomeNeoBrutalistView.swift */ = {isa = PBXFileReference; includeInIndex = 1; lastKnownFileType = sourcecode.swift; path = WelcomeNeoBrutalistView.swift; sourceTree = "<group>"; };
		E33F008F74954DD2A1CCA154 /* NeoBrutalistTabBar.swift */ = {isa = PBXFileReference; includeInIndex = 1; lastKnownFileType = sourcecode.swift; path = NeoBrutalistTabBar.swift; sourceTree = "<group>"; };
		35381EC5FF5B404BBF293D02 /* NeoBrutalistAppHeader.swift */ = {isa = PBXFileReference; includeInIndex = 1; lastKnownFileType = sourcecode.swift; path = NeoBrutalistAppHeader.swift; sourceTree = "<group>"; };
		1E08CECE91984FF38CC53293 /* IdentifyNeoBrutalistView.swift */ = {isa = PBXFileReference; includeInIndex = 1; lastKnownFileType = sourcecode.swift; path = IdentifyNeoBrutalistView.swift; sourceTree = "<group>"; };
		A0EFF63FB5F8EC9823649D1F /* BotanicalCardImageProcessor.swift */ = {isa = PBXFileReference; includeInIndex = 1; lastKnownFileType = sourcecode.swift; path = BotanicalCardImageProcessor.swift; sourceTree = "<group>"; };
		5E614D3E6FDABD490B7A73C1 /* Foundation.framework */ = {isa = PBXFileReference; lastKnownFileType = wrapper.framework; name = Foundation.framework; path = Platforms/iPhoneOS.platform/Developer/SDKs/iPhoneOS18.0.sdk/System/Library/Frameworks/Foundation.framework; sourceTree = DEVELOPER_DIR; };
		70799B872F8C07650054228B /* Info.plist */ = {isa = PBXFileReference; lastKnownFileType = text.plist; path = Info.plist; sourceTree = "<group>"; };
		BB032EC4293372983E7DC408 /* LeafID_nativeTests.swift */ = {isa = PBXFileReference; includeInIndex = 1; lastKnownFileType = sourcecode.swift; path = LeafID_nativeTests.swift; sourceTree = "<group>"; };
		D56EC0009B5F05A4EE0142B2 /* LeafID-nativeTests.xctest */ = {isa = PBXFileReference; explicitFileType = wrapper.cfbundle; includeInIndex = 0; path = "LeafID-nativeTests.xctest"; sourceTree = BUILT_PRODUCTS_DIR; };
		E1A200000000000000000001 /* LeafID_nativeApp.swift */ = {isa = PBXFileReference; lastKnownFileType = sourcecode.swift; path = LeafID_nativeApp.swift; sourceTree = "<group>"; };
		E1A200000000000000000002 /* Theme.swift */ = {isa = PBXFileReference; lastKnownFileType = sourcecode.swift; path = Theme.swift; sourceTree = "<group>"; };
		E1A200000000000000000003 /* Scan.swift */ = {isa = PBXFileReference; lastKnownFileType = sourcecode.swift; path = Scan.swift; sourceTree = "<group>"; };
		E1A200000000000000000004 /* Profile.swift */ = {isa = PBXFileReference; lastKnownFileType = sourcecode.swift; path = Profile.swift; sourceTree = "<group>"; };
		E1A200000000000000000005 /* MainTabView.swift */ = {isa = PBXFileReference; lastKnownFileType = sourcecode.swift; path = MainTabView.swift; sourceTree = "<group>"; };
		E1A200000000000000000006 /* ArboretumView.swift */ = {isa = PBXFileReference; lastKnownFileType = sourcecode.swift; path = ArboretumView.swift; sourceTree = "<group>"; };
		FBD938ABEC1D8A0C52567944 /* ArboretumComingSoonView.swift */ = {isa = PBXFileReference; includeInIndex = 1; lastKnownFileType = sourcecode.swift; path = ArboretumComingSoonView.swift; sourceTree = "<group>"; };
		E1A200000000000000000008 /* HerbariumView.swift */ = {isa = PBXFileReference; lastKnownFileType = sourcecode.swift; path = HerbariumView.swift; sourceTree = "<group>"; };
		E1A200000000000000000009 /* DruidProfileView.swift */ = {isa = PBXFileReference; lastKnownFileType = sourcecode.swift; path = DruidProfileView.swift; sourceTree = "<group>"; };
		E1A20000000000000000000A /* HerbariumViewModel.swift */ = {isa = PBXFileReference; lastKnownFileType = sourcecode.swift; path = HerbariumViewModel.swift; sourceTree = "<group>"; };
		E1A20000000000000000000B /* BotanyService.swift */ = {isa = PBXFileReference; lastKnownFileType = sourcecode.swift; path = BotanyService.swift; sourceTree = "<group>"; };
		E1A20000000000000000000C /* Animation+LeafID.swift */ = {isa = PBXFileReference; lastKnownFileType = sourcecode.swift; path = "Animation+LeafID.swift"; sourceTree = "<group>"; };
		E1A20000000000000000000D /* Assets.xcassets */ = {isa = PBXFileReference; lastKnownFileType = folder.assetcatalog; path = Assets.xcassets; sourceTree = "<group>"; };
		E1A20000000000000000000E /* LiquidGlass.swift */ = {isa = PBXFileReference; lastKnownFileType = sourcecode.swift; path = LiquidGlass.swift; sourceTree = "<group>"; };
		E1A200000000000000000010 /* GlassContainer.swift */ = {isa = PBXFileReference; lastKnownFileType = sourcecode.swift; path = GlassContainer.swift; sourceTree = "<group>"; };
		E1A200000000000000000011 /* BoutiqueHeader.swift */ = {isa = PBXFileReference; lastKnownFileType = sourcecode.swift; path = BoutiqueHeader.swift; sourceTree = "<group>"; };
		E1A200000000000000000012 /* StatusBadge.swift */ = {isa = PBXFileReference; lastKnownFileType = sourcecode.swift; path = StatusBadge.swift; sourceTree = "<group>"; };
		E1A200000000000000000013 /* GreenDotMarker.swift */ = {isa = PBXFileReference; lastKnownFileType = sourcecode.swift; path = GreenDotMarker.swift; sourceTree = "<group>"; };
		E1A200000000000000000014 /* CompactSpecimenCard.swift */ = {isa = PBXFileReference; lastKnownFileType = sourcecode.swift; path = CompactSpecimenCard.swift; sourceTree = "<group>"; };
		E1A200000000000000000015 /* LeafPrimaryButton.swift */ = {isa = PBXFileReference; lastKnownFileType = sourcecode.swift; path = LeafPrimaryButton.swift; sourceTree = "<group>"; };
		E1A200000000000000000016 /* GlassStatTile.swift */ = {isa = PBXFileReference; lastKnownFileType = sourcecode.swift; path = GlassStatTile.swift; sourceTree = "<group>"; };
		E1A200000000000000000017 /* ScanningLeafAnimationView.swift */ = {isa = PBXFileReference; lastKnownFileType = sourcecode.swift; path = ScanningLeafAnimationView.swift; sourceTree = "<group>"; };
		E1A200000000000000000018 /* DesignSystemGalleryView.swift */ = {isa = PBXFileReference; lastKnownFileType = sourcecode.swift; path = DesignSystemGalleryView.swift; sourceTree = "<group>"; };
		E1A200000000000000000019 /* IdentifyPreviewResult.swift */ = {isa = PBXFileReference; lastKnownFileType = sourcecode.swift; path = IdentifyPreviewResult.swift; sourceTree = "<group>"; };
		E1A20000000000000000001B /* ScanResultsView.swift */ = {isa = PBXFileReference; lastKnownFileType = sourcecode.swift; path = ScanResultsView.swift; sourceTree = "<group>"; };
		E1A20000000000000000001C /* DruidProfileViewModel.swift */ = {isa = PBXFileReference; lastKnownFileType = sourcecode.swift; path = DruidProfileViewModel.swift; sourceTree = "<group>"; };
		E1A20000000000000000001E /* GalleryScanButton.swift */ = {isa = PBXFileReference; lastKnownFileType = sourcecode.swift; path = GalleryScanButton.swift; sourceTree = "<group>"; };
		E1A20000000000000000001F /* SecondaryActionButton.swift */ = {isa = PBXFileReference; lastKnownFileType = sourcecode.swift; path = SecondaryActionButton.swift; sourceTree = "<group>"; };
		E1A200000000000000000020 /* HomeView.swift */ = {isa = PBXFileReference; lastKnownFileType = sourcecode.swift; path = HomeView.swift; sourceTree = "<group>"; };
		E1A200000000000000000021 /* ModalCloseButton.swift */ = {isa = PBXFileReference; lastKnownFileType = sourcecode.swift; path = ModalCloseButton.swift; sourceTree = "<group>"; };
		E1A200000000000000000022 /* MatchConfidenceBadge.swift */ = {isa = PBXFileReference; lastKnownFileType = sourcecode.swift; path = MatchConfidenceBadge.swift; sourceTree = "<group>"; };
		E1A200000000000000000023 /* ScanningProgressBar.swift */ = {isa = PBXFileReference; lastKnownFileType = sourcecode.swift; path = ScanningProgressBar.swift; sourceTree = "<group>"; };
		E1A200000000000000000024 /* GlassScanHeaderPill.swift */ = {isa = PBXFileReference; lastKnownFileType = sourcecode.swift; path = GlassScanHeaderPill.swift; sourceTree = "<group>"; };
		E1A200000000000000000025 /* BentoResultCard.swift */ = {isa = PBXFileReference; lastKnownFileType = sourcecode.swift; path = BentoResultCard.swift; sourceTree = "<group>"; };
		E1A200000000000000000026 /* ScannerView.swift */ = {isa = PBXFileReference; lastKnownFileType = sourcecode.swift; path = ScannerView.swift; sourceTree = "<group>"; };
		E1A200000000000000000027 /* ImagePickerBridge.swift */ = {isa = PBXFileReference; lastKnownFileType = sourcecode.swift; path = ImagePickerBridge.swift; sourceTree = "<group>"; };
		E1A200000000000000000028 /* GlassChromeCircleButton.swift */ = {isa = PBXFileReference; lastKnownFileType = sourcecode.swift; path = GlassChromeCircleButton.swift; sourceTree = "<group>"; };
		E1A200000000000000000029 /* ScanReticleFrame.swift */ = {isa = PBXFileReference; lastKnownFileType = sourcecode.swift; path = ScanReticleFrame.swift; sourceTree = "<group>"; };
		E1A20000000000000000002A /* ScanningDensityProgress.swift */ = {isa = PBXFileReference; lastKnownFileType = sourcecode.swift; path = ScanningDensityProgress.swift; sourceTree = "<group>"; };
		E1A20000000000000000002B /* ScanSession.swift */ = {isa = PBXFileReference; lastKnownFileType = sourcecode.swift; path = ScanSession.swift; sourceTree = "<group>"; };
		E1A20000000000000000002C /* HerbariumSpecimenRowCard.swift */ = {isa = PBXFileReference; lastKnownFileType = sourcecode.swift; path = HerbariumSpecimenRowCard.swift; sourceTree = "<group>"; };
		E1A20000000000000000002D /* ProfileViewModel.swift */ = {isa = PBXFileReference; lastKnownFileType = sourcecode.swift; path = ProfileViewModel.swift; sourceTree = "<group>"; };
		E1A20000000000000000002E /* ProfileStatsLocalStore.swift */ = {isa = PBXFileReference; lastKnownFileType = sourcecode.swift; path = ProfileStatsLocalStore.swift; sourceTree = "<group>"; };
		E1A20000000000000000002F /* BotanicalCardImmersiveView.swift */ = {isa = PBXFileReference; lastKnownFileType = sourcecode.swift; path = BotanicalCardImmersiveView.swift; sourceTree = "<group>"; };
		E1A200000000000000000030 /* CapturePickLocation.swift */ = {isa = PBXFileReference; lastKnownFileType = sourcecode.swift; path = CapturePickLocation.swift; sourceTree = "<group>"; };
		E1A200000000000000000031 /* LiveCameraPreview.swift */ = {isa = PBXFileReference; lastKnownFileType = sourcecode.swift; path = LiveCameraPreview.swift; sourceTree = "<group>"; };
		E1A200000000000000000032 /* ArboretumViewModel.swift */ = {isa = PBXFileReference; lastKnownFileType = sourcecode.swift; path = ArboretumViewModel.swift; sourceTree = "<group>"; };
		E1A20000000000000000007B /* Achievements.swift */ = {isa = PBXFileReference; lastKnownFileType = sourcecode.swift; path = Achievements.swift; sourceTree = "<group>"; };
		E1A20000000000000000007C /* PaywallView.swift */ = {isa = PBXFileReference; lastKnownFileType = sourcecode.swift; path = PaywallView.swift; sourceTree = "<group>"; };
		E1A20000000000000000007D /* ToastCenter.swift */ = {isa = PBXFileReference; lastKnownFileType = sourcecode.swift; path = ToastCenter.swift; sourceTree = "<group>"; };
		E1A20000000000000000007E /* Secrets.xcconfig */ = {isa = PBXFileReference; lastKnownFileType = text.xcconfig; path = Secrets.xcconfig; sourceTree = "<group>"; };
		E1A200000000000000000081 /* en */ = {isa = PBXFileReference; lastKnownFileType = text.plist.strings; name = en; path = en.lproj/Localizable.strings; sourceTree = "<group>"; };
		E1A200000000000000000082 /* es */ = {isa = PBXFileReference; lastKnownFileType = text.plist.strings; name = es; path = es.lproj/Localizable.strings; sourceTree = "<group>"; };
		E1A2000000000000000000FF /* LeafID-native.app */ = {isa = PBXFileReference; explicitFileType = wrapper.application; includeInIndex = 0; path = "LeafID-native.app"; sourceTree = BUILT_PRODUCTS_DIR; };
/* End PBXFileReference section */

/* Begin PBXFrameworksBuildPhase section */
		75159EEEDAC6D838B38A7AFC /* Frameworks */ = {
			isa = PBXFrameworksBuildPhase;
			buildActionMask = 2147483647;
			files = (
				E792AEADD4FF2240B967FC4E /* Foundation.framework in Frameworks */,
			);
			runOnlyForDeploymentPostprocessing = 0;
		};
		E1A300000000000000000001 /* Frameworks */ = {
			isa = PBXFrameworksBuildPhase;
			buildActionMask = 2147483647;
			files = (
			);
			runOnlyForDeploymentPostprocessing = 0;
		};
/* End PBXFrameworksBuildPhase section */

/* Begin PBXGroup section */
		057E92E9C884603477DF564E /* Frameworks */ = {
			isa = PBXGroup;
			children = (
				17EA6EB8B5474C5CB69BE2BD /* iOS */,
			);
			name = Frameworks;
			sourceTree = "<group>";
		};
		17EA6EB8B5474C5CB69BE2BD /* iOS */ = {
			isa = PBXGroup;
			children = (
				5E614D3E6FDABD490B7A73C1 /* Foundation.framework */,
			);
			name = iOS;
			sourceTree = "<group>";
		};
		E1A400000000000000000001 = {
			isa = PBXGroup;
			children = (
				E1A400000000000000000002 /* LeafID-native */,
				E1A400000000000000000003 /* Products */,
				057E92E9C884603477DF564E /* Frameworks */,
				F2352C5F92B8261B38C84ACE /* LeafID-nativeTests */,
			);
			sourceTree = "<group>";
		};
		E1A400000000000000000002 /* LeafID-native */ = {
			isa = PBXGroup;
			children = (
				E1A40000000000000000002A /* Config */,
				70799B872F8C07650054228B /* Info.plist */,
				E1A200000000000000000001 /* LeafID_nativeApp.swift */,
				E1A400000000000000000010 /* Theme */,
				E1A400000000000000000020 /* UI */,
				E1A400000000000000000011 /* Models */,
				E1A400000000000000000012 /* Views */,
				E1A400000000000000000013 /* ViewModels */,
				E1A400000000000000000014 /* Services */,
				E1A400000000000000000015 /* Extensions */,
				E1A20000000000000000000D /* Assets.xcassets */,
				E1A200000000000000000080 /* Localizable.strings */,
				05246439EFD4918AA442102C /* PrivacyInfo.xcprivacy */,
				112A303DD78141D4B9EF310E /* Resources */,
			);
			path = "LeafID-native";
			sourceTree = "<group>";
		};
		E1A400000000000000000003 /* Products */ = {
			isa = PBXGroup;
			children = (
				E1A2000000000000000000FF /* LeafID-native.app */,
				D56EC0009B5F05A4EE0142B2 /* LeafID-nativeTests.xctest */,
			);
			name = Products;
			sourceTree = "<group>";
		};
		E1A400000000000000000010 /* Theme */ = {
			isa = PBXGroup;
			children = (
				E1A200000000000000000002 /* Theme.swift */,
				F3D04E70FC6048F2A985AABD /* NeoBrutalistTheme.swift */,
			);
			path = Theme;
			sourceTree = "<group>";
		};
		E1A400000000000000000011 /* Models */ = {
			isa = PBXGroup;
			children = (
				E1A200000000000000000003 /* Scan.swift */,
				E1A200000000000000000004 /* Profile.swift */,
				E1A200000000000000000019 /* IdentifyPreviewResult.swift */,
				E1A20000000000000000002B /* ScanSession.swift */,
			);
			path = Models;
			sourceTree = "<group>";
		};
		E1A400000000000000000012 /* Views */ = {
			isa = PBXGroup;
			children = (
				E1A200000000000000000005 /* MainTabView.swift */,
				E1A400000000000000000023 /* Home */,
				E1A400000000000000000016 /* Arboretum */,
				E1A400000000000000000017 /* Identify */,
				E1A400000000000000000018 /* Herbarium */,
				E1A400000000000000000019 /* Druid */,
				FDD2427953E74F01BA44B7C5 /* Redesign */,
			);
			path = Views;
			sourceTree = "<group>";
		};
		FDD2427953E74F01BA44B7C5 /* Redesign */ = {
			isa = PBXGroup;
			children = (
				70DF9E02FAD241C08F5856EF /* WelcomeNeoBrutalistView.swift */,
				E33F008F74954DD2A1CCA154 /* NeoBrutalistTabBar.swift */,
				35381EC5FF5B404BBF293D02 /* NeoBrutalistAppHeader.swift */,
				1E08CECE91984FF38CC53293 /* IdentifyNeoBrutalistView.swift */,
			);
			path = Redesign;
			sourceTree = "<group>";
		};
		E1A400000000000000000013 /* ViewModels */ = {
			isa = PBXGroup;
			children = (
				E1A200000000000000000032 /* ArboretumViewModel.swift */,
				E1A20000000000000000000A /* HerbariumViewModel.swift */,
				E1A20000000000000000001C /* DruidProfileViewModel.swift */,
				E1A20000000000000000002D /* ProfileViewModel.swift */,
			);
			path = ViewModels;
			sourceTree = "<group>";
		};
		E1A400000000000000000014 /* Services */ = {
			isa = PBXGroup;
			children = (
				E1A20000000000000000007B /* Achievements.swift */,
				E1A20000000000000000000B /* BotanyService.swift */,
				E1A20000000000000000002E /* ProfileStatsLocalStore.swift */,
				E1A200000000000000000030 /* CapturePickLocation.swift */,
				4A466B09C5D53DDD8529A2AA /* KeychainTokenStore.swift */,
				A0EFF63FB5F8EC9823649D1F /* BotanicalCardImageProcessor.swift */,
			);
			path = Services;
			sourceTree = "<group>";
		};
		E1A400000000000000000015 /* Extensions */ = {
			isa = PBXGroup;
			children = (
				E1A20000000000000000000C /* Animation+LeafID.swift */,
			);
			path = Extensions;
			sourceTree = "<group>";
		};
		E1A400000000000000000016 /* Arboretum */ = {
			isa = PBXGroup;
			children = (
				FBD938ABEC1D8A0C52567944 /* ArboretumComingSoonView.swift */,
				E1A200000000000000000006 /* ArboretumView.swift */,
			);
			path = Arboretum;
			sourceTree = "<group>";
		};
		E1A400000000000000000017 /* Identify */ = {
			isa = PBXGroup;
			children = (
				E1A200000000000000000027 /* ImagePickerBridge.swift */,
				E1A200000000000000000026 /* ScannerView.swift */,
				E1A200000000000000000031 /* LiveCameraPreview.swift */,
				E1A20000000000000000001B /* ScanResultsView.swift */,
			);
			path = Identify;
			sourceTree = "<group>";
		};
		E1A400000000000000000018 /* Herbarium */ = {
			isa = PBXGroup;
			children = (
				E1A200000000000000000008 /* HerbariumView.swift */,
				E1A20000000000000000002F /* BotanicalCardImmersiveView.swift */,
			);
			path = Herbarium;
			sourceTree = "<group>";
		};
		E1A400000000000000000019 /* Druid */ = {
			isa = PBXGroup;
			children = (
				E1A200000000000000000009 /* DruidProfileView.swift */,
				E1A20000000000000000007C /* PaywallView.swift */,
			);
			path = Druid;
			sourceTree = "<group>";
		};
		E1A400000000000000000020 /* UI */ = {
			isa = PBXGroup;
			children = (
				E1A400000000000000000021 /* System */,
				E1A400000000000000000022 /* Gallery */,
			);
			path = UI;
			sourceTree = "<group>";
		};
		E1A400000000000000000021 /* System */ = {
			isa = PBXGroup;
			children = (
				E1A20000000000000000000E /* LiquidGlass.swift */,
				E1A200000000000000000010 /* GlassContainer.swift */,
				E1A200000000000000000011 /* BoutiqueHeader.swift */,
				E1A200000000000000000012 /* StatusBadge.swift */,
				E1A200000000000000000013 /* GreenDotMarker.swift */,
				E1A20000000000000000002C /* HerbariumSpecimenRowCard.swift */,
				E1A200000000000000000014 /* CompactSpecimenCard.swift */,
				E1A200000000000000000015 /* LeafPrimaryButton.swift */,
				E1A200000000000000000016 /* GlassStatTile.swift */,
				E1A200000000000000000017 /* ScanningLeafAnimationView.swift */,
				E1A20000000000000000001E /* GalleryScanButton.swift */,
				E1A20000000000000000001F /* SecondaryActionButton.swift */,
				E1A200000000000000000021 /* ModalCloseButton.swift */,
				E1A20000000000000000007D /* ToastCenter.swift */,
				E1A200000000000000000022 /* MatchConfidenceBadge.swift */,
				E1A200000000000000000023 /* ScanningProgressBar.swift */,
				E1A200000000000000000024 /* GlassScanHeaderPill.swift */,
				E1A200000000000000000025 /* BentoResultCard.swift */,
				E1A200000000000000000028 /* GlassChromeCircleButton.swift */,
				E1A200000000000000000029 /* ScanReticleFrame.swift */,
				E1A20000000000000000002A /* ScanningDensityProgress.swift */,
			);
			path = System;
			sourceTree = "<group>";
		};
		E1A400000000000000000022 /* Gallery */ = {
			isa = PBXGroup;
			children = (
				E1A200000000000000000018 /* DesignSystemGalleryView.swift */,
			);
			path = Gallery;
			sourceTree = "<group>";
		};
		E1A400000000000000000023 /* Home */ = {
			isa = PBXGroup;
			children = (
				E1A200000000000000000020 /* HomeView.swift */,
			);
			path = Home;
			sourceTree = "<group>";
		};
		E1A40000000000000000002A /* Config */ = {
			isa = PBXGroup;
			children = (
				E1A20000000000000000007E /* Secrets.xcconfig */,
			);
			path = Config;
			sourceTree = "<group>";
		};
		112A303DD78141D4B9EF310E /* Resources */ = {
			isa = PBXGroup;
			children = (
				E5B287152D01435885D74C76 /* Fonts */,
			);
			path = Resources;
			sourceTree = "<group>";
		};
		E5B287152D01435885D74C76 /* Fonts */ = {
			isa = PBXGroup;
			children = (
				5BF4C64011EA49D3AED0CDB6 /* HankenGrotesk-Medium.ttf */,
				8D461E95EBD54ED697593C73 /* HankenGrotesk-Regular.ttf */,
				4726B6878D8645C7BCB63588 /* SpaceMono-Bold.ttf */,
				9C505C9D49064792B3255F81 /* SpaceMono-Regular.ttf */,
				C79F6C6F06FB4E04969A05D9 /* Syne-Bold.ttf */,
				C969F72065384D23806EB09A /* Syne-ExtraBold.ttf */,
			);
			path = Fonts;
			sourceTree = "<group>";
		};
		F2352C5F92B8261B38C84ACE /* LeafID-nativeTests */ = {
			isa = PBXGroup;
			children = (
				BB032EC4293372983E7DC408 /* LeafID_nativeTests.swift */,
			);
			name = "LeafID-nativeTests";
			path = "LeafID-native/LeafID-nativeTests";
			sourceTree = "<group>";
		};
/* End PBXGroup section */

/* Begin PBXNativeTarget section */
		71417DFC6AA59B030254120B /* LeafID-nativeTests */ = {
			isa = PBXNativeTarget;
			buildConfigurationList = FF6A5F501D95F72D76E3E439 /* Build configuration list for PBXNativeTarget "LeafID-nativeTests" */;
			buildPhases = (
				969F2EEFD14527FDAAAEF76F /* Sources */,
				75159EEEDAC6D838B38A7AFC /* Frameworks */,
				7E78153904E443A88D924CDC /* Resources */,
			);
			buildRules = (
			);
			dependencies = (
				9FD35C80545E10C36D2CCAE0 /* PBXTargetDependency */,
			);
			name = "LeafID-nativeTests";
			productName = "LeafID-nativeTests";
			productReference = D56EC0009B5F05A4EE0142B2 /* LeafID-nativeTests.xctest */;
			productType = "com.apple.product-type.bundle.unit-test";
		};
		E1A500000000000000000001 /* LeafID-native */ = {
			isa = PBXNativeTarget;
			buildConfigurationList = E1A800000000000000000002 /* Build configuration list for PBXNativeTarget "LeafID-native" */;
			buildPhases = (
				E1A300000000000000000002 /* Sources */,
				E1A300000000000000000001 /* Frameworks */,
				E1A300000000000000000003 /* Resources */,
			);
			buildRules = (
			);
			dependencies = (
			);
			name = "LeafID-native";
			productName = "LeafID-native";
			productReference = E1A2000000000000000000FF /* LeafID-native.app */;
			productType = "com.apple.product-type.application";
		};
/* End PBXNativeTarget section */

/* Begin PBXProject section */
		E1A600000000000000000001 /* Project object */ = {
			isa = PBXProject;
			attributes = {
				BuildIndependentTargetsInParallel = 1;
				LastSwiftUpdateCheck = 1500;
				LastUpgradeCheck = 1500;
				TargetAttributes = {
					E1A500000000000000000001 = {
						CreatedOnToolsVersion = 15.0;
					};
				};
			};
			buildConfigurationList = E1A800000000000000000001 /* Build configuration list for PBXProject "LeafID-native" */;
			compatibilityVersion = "Xcode 14.0";
			developmentRegion = en;
			hasScannedForEncodings = 0;
			knownRegions = (
				en,
				Base,
				es,
			);
			mainGroup = E1A400000000000000000001;
			productRefGroup = E1A400000000000000000003 /* Products */;
			projectDirPath = "";
			projectRoot = "";
			targets = (
				E1A500000000000000000001 /* LeafID-native */,
				71417DFC6AA59B030254120B /* LeafID-nativeTests */,
			);
		};
/* End PBXProject section */

/* Begin PBXResourcesBuildPhase section */
		7E78153904E443A88D924CDC /* Resources */ = {
			isa = PBXResourcesBuildPhase;
			buildActionMask = 2147483647;
			files = (
			);
			runOnlyForDeploymentPostprocessing = 0;
		};
		E1A300000000000000000003 /* Resources */ = {
			isa = PBXResourcesBuildPhase;
			buildActionMask = 2147483647;
			files = (
				E1A10000000000000000000D /* Assets.xcassets in Resources */,
				160999D0354EC2E83E55C01E /* PrivacyInfo.xcprivacy in Resources */,
				A7B95EB746E74AC5B1FE4699 /* HankenGrotesk-Medium.ttf in Resources */,
				030794FC907A40A8AE40DE37 /* HankenGrotesk-Regular.ttf in Resources */,
				F0ECF9E7237B45B8832CD463 /* SpaceMono-Bold.ttf in Resources */,
				03CCE9D6A59A453C80140DAD /* SpaceMono-Regular.ttf in Resources */,
				A2A4D39341B34A79983BC939 /* Syne-Bold.ttf in Resources */,
				6B39EEC660414F83A03617E0 /* Syne-ExtraBold.ttf in Resources */,
			);
			runOnlyForDeploymentPostprocessing = 0;
		};
/* End PBXResourcesBuildPhase section */

/* Begin PBXSourcesBuildPhase section */
		969F2EEFD14527FDAAAEF76F /* Sources */ = {
			isa = PBXSourcesBuildPhase;
			buildActionMask = 2147483647;
			files = (
				167C26458EE044BB6DDF3EB7 /* LeafID_nativeTests.swift in Sources */,
			);
			runOnlyForDeploymentPostprocessing = 0;
		};
		E1A300000000000000000002 /* Sources */ = {
			isa = PBXSourcesBuildPhase;
			buildActionMask = 2147483647;
			files = (
				E1A100000000000000000001 /* LeafID_nativeApp.swift in Sources */,
				E1A100000000000000000002 /* Theme.swift in Sources */,
				E1A10000000000000000000E /* LiquidGlass.swift in Sources */,
				E1A100000000000000000003 /* Scan.swift in Sources */,
				E1A100000000000000000004 /* Profile.swift in Sources */,
				E1A100000000000000000005 /* MainTabView.swift in Sources */,
				E1A100000000000000000006 /* ArboretumView.swift in Sources */,
				388D420653CD31E77EE46CF5 /* ArboretumComingSoonView.swift in Sources */,
				E1A100000000000000000008 /* HerbariumView.swift in Sources */,
				E1A100000000000000000009 /* DruidProfileView.swift in Sources */,
				E1A10000000000000000000A /* HerbariumViewModel.swift in Sources */,
				E1A10000000000000000000B /* BotanyService.swift in Sources */,
				E1A10000000000000000007B /* Achievements.swift in Sources */,
				E1A10000000000000000002E /* ProfileStatsLocalStore.swift in Sources */,
				E1A100000000000000000030 /* CapturePickLocation.swift in Sources */,
				E1A100000000000000000032 /* ArboretumViewModel.swift in Sources */,
				E1A10000000000000000000C /* Animation+LeafID.swift in Sources */,
				E1A10000000000000000000F /* GlassContainer.swift in Sources */,
				E1A100000000000000000011 /* BoutiqueHeader.swift in Sources */,
				E1A100000000000000000012 /* StatusBadge.swift in Sources */,
				E1A100000000000000000013 /* GreenDotMarker.swift in Sources */,
				E1A10000000000000000002C /* HerbariumSpecimenRowCard.swift in Sources */,
				E1A100000000000000000014 /* CompactSpecimenCard.swift in Sources */,
				E1A100000000000000000015 /* LeafPrimaryButton.swift in Sources */,
				E1A100000000000000000016 /* GlassStatTile.swift in Sources */,
				E1A100000000000000000017 /* ScanningLeafAnimationView.swift in Sources */,
				E1A100000000000000000018 /* DesignSystemGalleryView.swift in Sources */,
				E1A100000000000000000019 /* IdentifyPreviewResult.swift in Sources */,
				E1A10000000000000000002B /* ScanSession.swift in Sources */,
				E1A10000000000000000002F /* BotanicalCardImmersiveView.swift in Sources */,
				E1A10000000000000000001B /* ScanResultsView.swift in Sources */,
				E1A10000000000000000001C /* DruidProfileViewModel.swift in Sources */,
				E1A10000000000000000002D /* ProfileViewModel.swift in Sources */,
				E1A10000000000000000001E /* GalleryScanButton.swift in Sources */,
				E1A10000000000000000001F /* SecondaryActionButton.swift in Sources */,
				E1A100000000000000000020 /* HomeView.swift in Sources */,
				E1A100000000000000000021 /* ModalCloseButton.swift in Sources */,
				E1A10000000000000000007D /* ToastCenter.swift in Sources */,
				E1A100000000000000000022 /* MatchConfidenceBadge.swift in Sources */,
				E1A100000000000000000023 /* ScanningProgressBar.swift in Sources */,
				E1A100000000000000000024 /* GlassScanHeaderPill.swift in Sources */,
				E1A100000000000000000025 /* BentoResultCard.swift in Sources */,
				E1A100000000000000000026 /* ScannerView.swift in Sources */,
				E1A100000000000000000031 /* LiveCameraPreview.swift in Sources */,
				E1A10000000000000000007C /* PaywallView.swift in Sources */,
				E1A100000000000000000027 /* ImagePickerBridge.swift in Sources */,
				E1A100000000000000000028 /* GlassChromeCircleButton.swift in Sources */,
				E1A100000000000000000029 /* ScanReticleFrame.swift in Sources */,
				E1A10000000000000000002A /* ScanningDensityProgress.swift in Sources */,
				A0134776E5296FC7ECBE31E7 /* KeychainTokenStore.swift in Sources */,
				A221302A25F07F610660AF06 /* BotanicalCardImageProcessor.swift in Sources */,
				7C22BDA973724B41A9AE79A7 /* NeoBrutalistTheme.swift in Sources */,
				78E47AEDBAC64FFEA729A4D2 /* WelcomeNeoBrutalistView.swift in Sources */,
				59A12248CD8D4AC197F456C9 /* NeoBrutalistTabBar.swift in Sources */,
				FE6D529C85A240E38054B26B /* NeoBrutalistAppHeader.swift in Sources */,
				34095034F0224C078BD8D711 /* IdentifyNeoBrutalistView.swift in Sources */,
			);
			runOnlyForDeploymentPostprocessing = 0;
		};
/* End PBXSourcesBuildPhase section */

/* Begin PBXTargetDependency section */
		9FD35C80545E10C36D2CCAE0 /* PBXTargetDependency */ = {
			isa = PBXTargetDependency;
			name = "LeafID-native";
			target = E1A500000000000000000001 /* LeafID-native */;
			targetProxy = FC1EB0B98B82D6CEFDFB8C71 /* PBXContainerItemProxy */;
		};
/* End PBXTargetDependency section */

/* Begin PBXVariantGroup section */
		E1A200000000000000000080 /* Localizable.strings */ = {
			isa = PBXVariantGroup;
			children = (
				E1A200000000000000000081 /* en */,
				E1A200000000000000000082 /* es */,
			);
			name = Localizable.strings;
			sourceTree = "<group>";
		};
/* End PBXVariantGroup section */

/* Begin XCBuildConfiguration section */
		58BE4D219490A5169BE693EB /* Release */ = {
			isa = XCBuildConfiguration;
			buildSettings = {
				BUNDLE_LOADER = "$(TEST_HOST)";
				CODE_SIGN_STYLE = Automatic;
				DEVELOPMENT_TEAM = 497XL32H55;
				GENERATE_INFOPLIST_FILE = YES;
				PRODUCT_BUNDLE_IDENTIFIER = "com.marianaminafro.leafid.LeafID-nativeTests";
				PRODUCT_NAME = "$(TARGET_NAME)";
				SWIFT_VERSION = 5.0;
				TARGETED_DEVICE_FAMILY = "1,2";
				TEST_HOST = "$(BUILT_PRODUCTS_DIR)/LeafID-native.app/LeafID-native";
				VALIDATE_PRODUCT = YES;
			};
			name = Release;
		};
		70C33D6A6336AF69C1E61C51 /* Debug */ = {
			isa = XCBuildConfiguration;
			buildSettings = {
				BUNDLE_LOADER = "$(TEST_HOST)";
				CODE_SIGN_STYLE = Automatic;
				DEVELOPMENT_TEAM = 497XL32H55;
				GENERATE_INFOPLIST_FILE = YES;
				PRODUCT_BUNDLE_IDENTIFIER = "com.marianaminafro.leafid.LeafID-nativeTests";
				PRODUCT_NAME = "$(TARGET_NAME)";
				SWIFT_VERSION = 5.0;
				TARGETED_DEVICE_FAMILY = "1,2";
				TEST_HOST = "$(BUILT_PRODUCTS_DIR)/LeafID-native.app/LeafID-native";
			};
			name = Debug;
		};
		E1A700000000000000000001 /* Debug */ = {
			isa = XCBuildConfiguration;
			buildSettings = {
				ALWAYS_SEARCH_USER_PATHS = NO;
				ASSETCATALOG_COMPILER_GENERATE_SWIFT_ASSET_SYMBOL_EXTENSIONS = YES;
				CLANG_ANALYZER_NONNULL = YES;
				CLANG_ANALYZER_NUMBER_OBJECT_CONVERSION = YES_AGGRESSIVE;
				CLANG_CXX_LANGUAGE_STANDARD = "gnu++20";
				CLANG_ENABLE_MODULES = YES;
				CLANG_ENABLE_OBJC_ARC = YES;
				CLANG_ENABLE_OBJC_WEAK = YES;
				COPY_PHASE_STRIP = NO;
				DEBUG_INFORMATION_FORMAT = dwarf;
				ENABLE_STRICT_OBJC_MSGSEND = YES;
				ENABLE_TESTABILITY = YES;
				GCC_DYNAMIC_NO_PIC = NO;
				GCC_OPTIMIZATION_LEVEL = 0;
				GCC_PREPROCESSOR_DEFINITIONS = (
					"DEBUG=1",
					"$(inherited)",
				);
				IPHONEOS_DEPLOYMENT_TARGET = 16.4;
				MTL_ENABLE_DEBUG_INFO = INCLUDE_SOURCE;
				MTL_FAST_MATH = YES;
				ONLY_ACTIVE_ARCH = YES;
				SDKROOT = iphoneos;
				SWIFT_ACTIVE_COMPILATION_CONDITIONS = DEBUG;
				SWIFT_OPTIMIZATION_LEVEL = "-Onone";
			};
			name = Debug;
		};
		E1A700000000000000000002 /* Release */ = {
			isa = XCBuildConfiguration;
			buildSettings = {
				ALWAYS_SEARCH_USER_PATHS = NO;
				ASSETCATALOG_COMPILER_GENERATE_SWIFT_ASSET_SYMBOL_EXTENSIONS = YES;
				CLANG_ANALYZER_NONNULL = YES;
				CLANG_ANALYZER_NUMBER_OBJECT_CONVERSION = YES_AGGRESSIVE;
				CLANG_CXX_LANGUAGE_STANDARD = "gnu++20";
				CLANG_ENABLE_MODULES = YES;
				CLANG_ENABLE_OBJC_ARC = YES;
				CLANG_ENABLE_OBJC_WEAK = YES;
				COPY_PHASE_STRIP = NO;
				DEBUG_INFORMATION_FORMAT = "dwarf-with-dsym";
				ENABLE_NS_ASSERTIONS = NO;
				ENABLE_STRICT_OBJC_MSGSEND = YES;
				IPHONEOS_DEPLOYMENT_TARGET = 16.4;
				MTL_ENABLE_DEBUG_INFO = NO;
				MTL_FAST_MATH = YES;
				SDKROOT = iphoneos;
				SWIFT_COMPILATION_MODE = wholemodule;
				VALIDATE_PRODUCT = YES;
			};
			name = Release;
		};
		E1A700000000000000000003 /* Debug */ = {
			isa = XCBuildConfiguration;
			baseConfigurationReference = E1A20000000000000000007E /* Secrets.xcconfig */;
			buildSettings = {
				ASSETCATALOG_COMPILER_APPICON_NAME = AppIcon;
				ASSETCATALOG_COMPILER_GLOBAL_ACCENT_COLOR_NAME = AccentColor;
				CODE_SIGN_STYLE = Automatic;
				CURRENT_PROJECT_VERSION = 1;
				DEVELOPMENT_TEAM = 497XL32H55;
				ENABLE_PREVIEWS = YES;
				GENERATE_INFOPLIST_FILE = YES;
				INFOPLIST_FILE = "LeafID-native/Info.plist";
				INFOPLIST_KEY_NSCameraUsageDescription = "LeafID uses the camera to capture leaf photos for plant identification.";
				INFOPLIST_KEY_NSLocationWhenInUseUsageDescription = "LeafID uses your location to center Arboretum on your position and geotag discoveries on the map.";
				INFOPLIST_KEY_NSPhotoLibraryUsageDescription = "We need access to your photos to import plant images into your herbarium.";
				INFOPLIST_KEY_SUPABASE_ANON_KEY = "$(SUPABASE_ANON_KEY)";
				INFOPLIST_KEY_SUPABASE_URL = "$(SUPABASE_URL)";
				INFOPLIST_KEY_UIApplicationSceneManifest_Generation = YES;
				INFOPLIST_KEY_UIApplicationSupportsIndirectInputEvents = YES;
				INFOPLIST_KEY_UILaunchScreen_Generation = YES;
				INFOPLIST_KEY_UISupportedInterfaceOrientations_iPad = "UIInterfaceOrientationPortrait UIInterfaceOrientationPortraitUpsideDown UIInterfaceOrientationLandscapeLeft UIInterfaceOrientationLandscapeRight";
				INFOPLIST_KEY_UISupportedInterfaceOrientations_iPhone = "UIInterfaceOrientationPortrait UIInterfaceOrientationLandscapeLeft UIInterfaceOrientationLandscapeRight";
				LD_RUNPATH_SEARCH_PATHS = (
					"$(inherited)",
					"@executable_path/Frameworks",
				);
				MARKETING_VERSION = 1.0;
				PRODUCT_BUNDLE_IDENTIFIER = com.marianaminafro.leafid;
				PRODUCT_NAME = "$(TARGET_NAME)";
				SWIFT_EMIT_LOC_STRINGS = YES;
				SWIFT_VERSION = 5.0;
				TARGETED_DEVICE_FAMILY = "1,2";
			};
			name = Debug;
		};
		E1A700000000000000000004 /* Release */ = {
			isa = XCBuildConfiguration;
			baseConfigurationReference = E1A20000000000000000007E /* Secrets.xcconfig */;
			buildSettings = {
				ASSETCATALOG_COMPILER_APPICON_NAME = AppIcon;
				ASSETCATALOG_COMPILER_GLOBAL_ACCENT_COLOR_NAME = AccentColor;
				CODE_SIGN_STYLE = Automatic;
				CURRENT_PROJECT_VERSION = 1;
				DEVELOPMENT_TEAM = 497XL32H55;
				ENABLE_PREVIEWS = YES;
				GENERATE_INFOPLIST_FILE = YES;
				INFOPLIST_FILE = "LeafID-native/Info.plist";
				INFOPLIST_KEY_NSCameraUsageDescription = "LeafID uses the camera to capture leaf photos for plant identification.";
				INFOPLIST_KEY_NSLocationWhenInUseUsageDescription = "LeafID uses your location to center Arboretum on your position and geotag discoveries on the map.";
				INFOPLIST_KEY_NSPhotoLibraryUsageDescription = "We need access to your photos to import plant images into your herbarium.";
				INFOPLIST_KEY_SUPABASE_ANON_KEY = "$(SUPABASE_ANON_KEY)";
				INFOPLIST_KEY_SUPABASE_URL = "$(SUPABASE_URL)";
				INFOPLIST_KEY_UIApplicationSceneManifest_Generation = YES;
				INFOPLIST_KEY_UIApplicationSupportsIndirectInputEvents = YES;
				INFOPLIST_KEY_UILaunchScreen_Generation = YES;
				INFOPLIST_KEY_UISupportedInterfaceOrientations_iPad = "UIInterfaceOrientationPortrait UIInterfaceOrientationPortraitUpsideDown UIInterfaceOrientationLandscapeLeft UIInterfaceOrientationLandscapeRight";
				INFOPLIST_KEY_UISupportedInterfaceOrientations_iPhone = "UIInterfaceOrientationPortrait UIInterfaceOrientationLandscapeLeft UIInterfaceOrientationLandscapeRight";
				LD_RUNPATH_SEARCH_PATHS = (
					"$(inherited)",
					"@executable_path/Frameworks",
				);
				MARKETING_VERSION = 1.0;
				PRODUCT_BUNDLE_IDENTIFIER = com.marianaminafro.leafid;
				PRODUCT_NAME = "$(TARGET_NAME)";
				SWIFT_EMIT_LOC_STRINGS = YES;
				SWIFT_VERSION = 5.0;
				TARGETED_DEVICE_FAMILY = "1,2";
			};
			name = Release;
		};
/* End XCBuildConfiguration section */

/* Begin XCConfigurationList section */
		E1A800000000000000000001 /* Build configuration list for PBXProject "LeafID-native" */ = {
			isa = XCConfigurationList;
			buildConfigurations = (
				E1A700000000000000000001 /* Debug */,
				E1A700000000000000000002 /* Release */,
			);
			defaultConfigurationIsVisible = 0;
			defaultConfigurationName = Release;
		};
		E1A800000000000000000002 /* Build configuration list for PBXNativeTarget "LeafID-native" */ = {
			isa = XCConfigurationList;
			buildConfigurations = (
				E1A700000000000000000003 /* Debug */,
				E1A700000000000000000004 /* Release */,
			);
			defaultConfigurationIsVisible = 0;
			defaultConfigurationName = Release;
		};
		FF6A5F501D95F72D76E3E439 /* Build configuration list for PBXNativeTarget "LeafID-nativeTests" */ = {
			isa = XCConfigurationList;
			buildConfigurations = (
				58BE4D219490A5169BE693EB /* Release */,
				70C33D6A6336AF69C1E61C51 /* Debug */,
			);
			defaultConfigurationIsVisible = 0;
			defaultConfigurationName = Release;
		};
/* End XCConfigurationList section */
	};
	rootObject = E1A600000000000000000001 /* Project object */;
}
